
Microsoft Visual Studio Solution File, Format Version 12.00
# Visual Studio Version 16
VisualStudioVersion = 16.0.29209.152
MinimumVisualStudioVersion = 10.0.40219.1
Project("{FAE04EC0-301F-11D3-BF4B-00C04F79EFBC}") = "DotNetCoreV3", "DotNetCoreV3\DotNetCoreV3.csproj", "{D1DB8304-5825-467A-A532-E8EFBA0370BB}"
EndProject
Project("{FAE04EC0-301F-11D3-BF4B-00C04F79EFBC}") = "Entity", "Shared\Entity.csproj", "{1F84B7AA-49B2-46F6-9EEC-2515AEBAB468}"
EndProject
Global
	GlobalSection(SolutionConfigurationPlatforms) = preSolution
		Debug|Any CPU = Debug|Any CPU
		Release|Any CPU = Release|Any CPU
	EndGlobalSection
	GlobalSection(ProjectConfigurationPlatforms) = postSolution
		{D1DB8304-5825-467A-A532-E8EFBA0370BB}.Debug|Any CPU.ActiveCfg = Debug|Any CPU
		{D1DB8304-5825-467A-A532-E8EFBA0370BB}.Debug|Any CPU.Build.0 = Debug|Any CPU
		{D1DB8304-5825-467A-A532-E8EFBA0370BB}.Release|Any CPU.ActiveCfg = Release|Any CPU
		{D1DB8304-5825-467A-A532-E8EFBA0370BB}.Release|Any CPU.Build.0 = Release|Any CPU
		{1F84B7AA-49B2-46F6-9EEC-2515AEBAB468}.Debug|Any CPU.ActiveCfg = Debug|Any CPU
		{1F84B7AA-49B2-46F6-9EEC-2515AEBAB468}.Debug|Any CPU.Build.0 = Debug|Any CPU
		{1F84B7AA-49B2-46F6-9EEC-2515AEBAB468}.Release|Any CPU.ActiveCfg = Release|Any CPU
		{1F84B7AA-49B2-46F6-9EEC-2515AEBAB468}.Release|Any CPU.Build.0 = Release|Any CPU
	EndGlobalSection
	GlobalSection(SolutionProperties) = preSolution
		HideSolutionNode = FALSE
	EndGlobalSection
	GlobalSection(ExtensibilityGlobals) = postSolution
		SolutionGuid = {6D98AAC4-6AB8-4B38-85C0-09C8F2DB9014}
	EndGlobalSection
EndGlobal
